
Microsoft Visual Studio Solution File, Format Version 12.00
# Visual Studio 15
VisualStudioVersion = 15.0.28307.271
MinimumVisualStudioVersion = 10.0.40219.1
Project("{FAE04EC0-301F-11D3-BF4B-00C04F79EFBC}") = "lab5task1", "lab5task1\lab5task1.csproj", "{18B7A535-E579-4AFC-A4B7-94328B10F619}"
EndProject
Project("{9A19103F-16F7-4668-BE54-9A1E7A4F7556}") = "lab5", "..\Login\lab5\lab5.csproj", "{69975BB5-ACDE-4E85-A9E5-7AE305FEEE31}"
EndProject
Project("{FAE04EC0-301F-11D3-BF4B-00C04F79EFBC}") = "testing", "testing\testing.csproj", "{2BF16858-0634-4469-BF86-D8E24BF4205C}"
EndProject
Global
	GlobalSection(SolutionConfigurationPlatforms) = preSolution
		Debug|Any CPU = Debug|Any CPU
		Release|Any CPU = Release|Any CPU
	EndGlobalSection
	GlobalSection(ProjectConfigurationPlatforms) = postSolution
		{18B7A535-E579-4AFC-A4B7-94328B10F619}.Debug|Any CPU.ActiveCfg = Debug|Any CPU
		{18B7A535-E579-4AFC-A4B7-94328B10F619}.Debug|Any CPU.Build.0 = Debug|Any CPU
		{18B7A535-E579-4AFC-A4B7-94328B10F619}.Release|Any CPU.ActiveCfg = Release|Any CPU
		{18B7A535-E579-4AFC-A4B7-94328B10F619}.Release|Any CPU.Build.0 = Release|Any CPU
		{69975BB5-ACDE-4E85-A9E5-7AE305FEEE31}.Debug|Any CPU.ActiveCfg = Debug|Any CPU
		{69975BB5-ACDE-4E85-A9E5-7AE305FEEE31}.Debug|Any CPU.Build.0 = Debug|Any CPU
		{69975BB5-ACDE-4E85-A9E5-7AE305FEEE31}.Release|Any CPU.ActiveCfg = Release|Any CPU
		{69975BB5-ACDE-4E85-A9E5-7AE305FEEE31}.Release|Any CPU.Build.0 = Release|Any CPU
		{2BF16858-0634-4469-BF86-D8E24BF4205C}.Debug|Any CPU.ActiveCfg = Debug|Any CPU
		{2BF16858-0634-4469-BF86-D8E24BF4205C}.Debug|Any CPU.Build.0 = Debug|Any CPU
		{2BF16858-0634-4469-BF86-D8E24BF4205C}.Release|Any CPU.ActiveCfg = Release|Any CPU
		{2BF16858-0634-4469-BF86-D8E24BF4205C}.Release|Any CPU.Build.0 = Release|Any CPU
	EndGlobalSection
	GlobalSection(SolutionProperties) = preSolution
		HideSolutionNode = FALSE
	EndGlobalSection
	GlobalSection(ExtensibilityGlobals) = postSolution
		SolutionGuid = {8E18FD75-BC8A-4212-A6C6-37A1EC83A941}
	EndGlobalSection
EndGlobal
